// !$*UTF8*$!
{
	archiveVersion = 1;
	classes = {
	};
	objectVersion = 56;
	objects = {

/* Begin PBXBuildFile section */
		9614AEAD2AF1C0290007D081 /* TempoScaleView.swift in Sources */ = {isa = PBXBuildFile; fileRef = 9614AEAC2AF1C0290007D081 /* TempoScaleView.swift */; };
		9614AEAF2AF1C2D40007D081 /* SoundControlMarkerView.swift in Sources */ = {isa = PBXBuildFile; fileRef = 9614AEAE2AF1C2D40007D081 /* SoundControlMarkerView.swift */; };
		9614AEB12AF1CA730007D081 /* clamp.swift in Sources */ = {isa = PBXBuildFile; fileRef = 9614AEB02AF1CA730007D081 /* clamp.swift */; };
		9614AEB32AF1D59F0007D081 /* KeyPath+.swift in Sources */ = {isa = PBXBuildFile; fileRef = 9614AEB22AF1D59F0007D081 /* KeyPath+.swift */; };
		966C45FD2AF564FE00EAC808 /* SampleIdentifier.swift in Sources */ = {isa = PBXBuildFile; fileRef = 966C45FC2AF564FE00EAC808 /* SampleIdentifier.swift */; };
		966C45FF2AF5675100EAC808 /* MixerError.swift in Sources */ = {isa = PBXBuildFile; fileRef = 966C45FE2AF5675100EAC808 /* MixerError.swift */; };
		966C46012AF5683400EAC808 /* LayerModel.swift in Sources */ = {isa = PBXBuildFile; fileRef = 966C46002AF5683400EAC808 /* LayerModel.swift */; };
		966C46032AF57AFB00EAC808 /* SoundParameters.swift in Sources */ = {isa = PBXBuildFile; fileRef = 966C46022AF57AFB00EAC808 /* SoundParameters.swift */; };
		966C46052AF593A400EAC808 /* LayerTableViewCellDelegate.swift in Sources */ = {isa = PBXBuildFile; fileRef = 966C46042AF593A400EAC808 /* LayerTableViewCellDelegate.swift */; };
		966C46072AF593BA00EAC808 /* LayerTableViewCellViewDelegate.swift in Sources */ = {isa = PBXBuildFile; fileRef = 966C46062AF593B900EAC808 /* LayerTableViewCellViewDelegate.swift */; };
		96709E142AF413BC0069E79B /* MutableCollection+.swift in Sources */ = {isa = PBXBuildFile; fileRef = 96709E132AF413BC0069E79B /* MutableCollection+.swift */; };
		96709E172AF41F3F0069E79B /* SamplesSelectionPanelView.swift in Sources */ = {isa = PBXBuildFile; fileRef = 96709E162AF41F3F0069E79B /* SamplesSelectionPanelView.swift */; };
		96709E192AF423BF0069E79B /* ButtonsPanelView.swift in Sources */ = {isa = PBXBuildFile; fileRef = 96709E182AF423BF0069E79B /* ButtonsPanelView.swift */; };
		96709E1C2AF426080069E79B /* ButtonsPanelViewDelegate.swift in Sources */ = {isa = PBXBuildFile; fileRef = 96709E1B2AF426080069E79B /* ButtonsPanelViewDelegate.swift */; };
		96709E1E2AF429D90069E79B /* SampleViewModel.swift in Sources */ = {isa = PBXBuildFile; fileRef = 96709E1D2AF429D90069E79B /* SampleViewModel.swift */; };
		96709E202AF429ED0069E79B /* SampleBankViewModel.swift in Sources */ = {isa = PBXBuildFile; fileRef = 96709E1F2AF429ED0069E79B /* SampleBankViewModel.swift */; };
		96709E232AF42D360069E79B /* SampleSelectViewDelegate.swift in Sources */ = {isa = PBXBuildFile; fileRef = 96709E222AF42D360069E79B /* SampleSelectViewDelegate.swift */; };
		96709E262AF42DD20069E79B /* SamplesSelectionPanelViewDelegate.swift in Sources */ = {isa = PBXBuildFile; fileRef = 96709E252AF42DD20069E79B /* SamplesSelectionPanelViewDelegate.swift */; };
		96709E2E2AF434920069E79B /* SampleLoaderProtocol.swift in Sources */ = {isa = PBXBuildFile; fileRef = 96709E2D2AF434920069E79B /* SampleLoaderProtocol.swift */; };
		96709E312AF434B20069E79B /* SampleLoader.swift in Sources */ = {isa = PBXBuildFile; fileRef = 96709E302AF434B20069E79B /* SampleLoader.swift */; };
		96709E462AF44BB90069E79B /* SampleModel.swift in Sources */ = {isa = PBXBuildFile; fileRef = 96709E452AF44BB90069E79B /* SampleModel.swift */; };
		96709E482AF44BDF0069E79B /* SampleBankModel.swift in Sources */ = {isa = PBXBuildFile; fileRef = 96709E472AF44BDF0069E79B /* SampleBankModel.swift */; };
		96709E4A2AF450230069E79B /* Samples in Resources */ = {isa = PBXBuildFile; fileRef = 96709E492AF450230069E79B /* Samples */; };
		96709E4D2AF455C30069E79B /* Mixer.swift in Sources */ = {isa = PBXBuildFile; fileRef = 96709E4C2AF455C30069E79B /* Mixer.swift */; };
		96709E502AF455D60069E79B /* SaliMixer.swift in Sources */ = {isa = PBXBuildFile; fileRef = 96709E4F2AF455D60069E79B /* SaliMixer.swift */; };
		967950E12AF30AA9004CD5DF /* SampleControlItemView.swift in Sources */ = {isa = PBXBuildFile; fileRef = 967950E02AF30AA9004CD5DF /* SampleControlItemView.swift */; };
		968477762AF18B8A00EBAA67 /* SaliView.swift in Sources */ = {isa = PBXBuildFile; fileRef = 968477752AF18B8A00EBAA67 /* SaliView.swift */; };
		968477792AF18D1600EBAA67 /* UIImage+.swift in Sources */ = {isa = PBXBuildFile; fileRef = 968477782AF18D1600EBAA67 /* UIImage+.swift */; };
		9684777D2AF18DD500EBAA67 /* SampleControl.swift in Sources */ = {isa = PBXBuildFile; fileRef = 9684777C2AF18DD500EBAA67 /* SampleControl.swift */; };
		9684777F2AF18DFF00EBAA67 /* UIColor+.swift in Sources */ = {isa = PBXBuildFile; fileRef = 9684777E2AF18DFF00EBAA67 /* UIColor+.swift */; };
		968477822AF1958A00EBAA67 /* CGRect+.swift in Sources */ = {isa = PBXBuildFile; fileRef = 968477812AF1958A00EBAA67 /* CGRect+.swift */; };
		968477842AF196CE00EBAA67 /* SampleSelectView.swift in Sources */ = {isa = PBXBuildFile; fileRef = 968477832AF196CE00EBAA67 /* SampleSelectView.swift */; };
		968477882AF1A01400EBAA67 /* SaliButton.swift in Sources */ = {isa = PBXBuildFile; fileRef = 968477872AF1A01400EBAA67 /* SaliButton.swift */; };
		9684778A2AF1A19F00EBAA67 /* LayersButton.swift in Sources */ = {isa = PBXBuildFile; fileRef = 968477892AF1A19F00EBAA67 /* LayersButton.swift */; };
		9684778C2AF1A1B100EBAA67 /* MicrophoneButton.swift in Sources */ = {isa = PBXBuildFile; fileRef = 9684778B2AF1A1B100EBAA67 /* MicrophoneButton.swift */; };
		9684778E2AF1A1C200EBAA67 /* RecordButton.swift in Sources */ = {isa = PBXBuildFile; fileRef = 9684778D2AF1A1C200EBAA67 /* RecordButton.swift */; };
		968477902AF1A1CF00EBAA67 /* PlayStopButton.swift in Sources */ = {isa = PBXBuildFile; fileRef = 9684778F2AF1A1CF00EBAA67 /* PlayStopButton.swift */; };
		968477922AF1A28000EBAA67 /* NSDirectionalEdgeInsets+.swift in Sources */ = {isa = PBXBuildFile; fileRef = 968477912AF1A28000EBAA67 /* NSDirectionalEdgeInsets+.swift */; };
		968477942AF1A68300EBAA67 /* AnalyzerView.swift in Sources */ = {isa = PBXBuildFile; fileRef = 968477932AF1A68300EBAA67 /* AnalyzerView.swift */; };
		968477972AF1A80800EBAA67 /* SoundControl.swift in Sources */ = {isa = PBXBuildFile; fileRef = 968477962AF1A80800EBAA67 /* SoundControl.swift */; };
		9684779A2AF1AB9800EBAA67 /* VolumeScaleView.swift in Sources */ = {isa = PBXBuildFile; fileRef = 968477992AF1AB9800EBAA67 /* VolumeScaleView.swift */; };
		969836352AF17A6300F8F40E /* AppDelegate.swift in Sources */ = {isa = PBXBuildFile; fileRef = 969836342AF17A6300F8F40E /* AppDelegate.swift */; };
		969836392AF17A6300F8F40E /* SaliViewController.swift in Sources */ = {isa = PBXBuildFile; fileRef = 969836382AF17A6300F8F40E /* SaliViewController.swift */; };
		9698363E2AF17A6400F8F40E /* Assets.xcassets in Resources */ = {isa = PBXBuildFile; fileRef = 9698363D2AF17A6400F8F40E /* Assets.xcassets */; };
		969836412AF17A6400F8F40E /* LaunchScreen.storyboard in Resources */ = {isa = PBXBuildFile; fileRef = 9698363F2AF17A6400F8F40E /* LaunchScreen.storyboard */; };
		96AB21892AF2B5A1001EEADE /* UIBezierPath+.swift in Sources */ = {isa = PBXBuildFile; fileRef = 96AB21882AF2B5A1001EEADE /* UIBezierPath+.swift */; };
		96AB218B2AF2D317001EEADE /* IconSaliButton.swift in Sources */ = {isa = PBXBuildFile; fileRef = 96AB218A2AF2D317001EEADE /* IconSaliButton.swift */; };
		96AB218E2AF2D9F8001EEADE /* LayerTableViewCell.swift in Sources */ = {isa = PBXBuildFile; fileRef = 96AB218D2AF2D9F8001EEADE /* LayerTableViewCell.swift */; };
		96AB21902AF2DA11001EEADE /* UITableViewCell+.swift in Sources */ = {isa = PBXBuildFile; fileRef = 96AB218F2AF2DA11001EEADE /* UITableViewCell+.swift */; };
		96AB21922AF2DED6001EEADE /* LayersTableView.swift in Sources */ = {isa = PBXBuildFile; fileRef = 96AB21912AF2DED6001EEADE /* LayersTableView.swift */; };
		96AB21942AF2DFCE001EEADE /* LayerTableViewCellView.swift in Sources */ = {isa = PBXBuildFile; fileRef = 96AB21932AF2DFCE001EEADE /* LayerTableViewCellView.swift */; };
		96AB21972AF2E6C5001EEADE /* SaliViewDelegate.swift in Sources */ = {isa = PBXBuildFile; fileRef = 96AB21962AF2E6C5001EEADE /* SaliViewDelegate.swift */; };
		96AB219A2AF2E743001EEADE /* SaliPresenterInput.swift in Sources */ = {isa = PBXBuildFile; fileRef = 96AB21992AF2E743001EEADE /* SaliPresenterInput.swift */; };
		96AB219C2AF2E7A0001EEADE /* SaliPresenter.swift in Sources */ = {isa = PBXBuildFile; fileRef = 96AB219B2AF2E7A0001EEADE /* SaliPresenter.swift */; };
		96AB219E2AF2E7B0001EEADE /* SaliViewInput.swift in Sources */ = {isa = PBXBuildFile; fileRef = 96AB219D2AF2E7B0001EEADE /* SaliViewInput.swift */; };
		96AB21A12AF2E80A001EEADE /* SaliAssembly.swift in Sources */ = {isa = PBXBuildFile; fileRef = 96AB21A02AF2E80A001EEADE /* SaliAssembly.swift */; };
		96AB21A42AF2E885001EEADE /* LayerCellViewModel.swift in Sources */ = {isa = PBXBuildFile; fileRef = 96AB21A32AF2E885001EEADE /* LayerCellViewModel.swift */; };
		96AB21A62AF2F1B9001EEADE /* DeleteButton.swift in Sources */ = {isa = PBXBuildFile; fileRef = 96AB21A52AF2F1B9001EEADE /* DeleteButton.swift */; };
		96AB21A82AF2F5DA001EEADE /* MuteButton.swift in Sources */ = {isa = PBXBuildFile; fileRef = 96AB21A72AF2F5DA001EEADE /* MuteButton.swift */; };
/* End PBXBuildFile section */

/* Begin PBXFileReference section */
		9614AEAC2AF1C0290007D081 /* TempoScaleView.swift */ = {isa = PBXFileReference; lastKnownFileType = sourcecode.swift; path = TempoScaleView.swift; sourceTree = "<group>"; };
		9614AEAE2AF1C2D40007D081 /* SoundControlMarkerView.swift */ = {isa = PBXFileReference; lastKnownFileType = sourcecode.swift; path = SoundControlMarkerView.swift; sourceTree = "<group>"; };
		9614AEB02AF1CA730007D081 /* clamp.swift */ = {isa = PBXFileReference; lastKnownFileType = sourcecode.swift; path = clamp.swift; sourceTree = "<group>"; };
		9614AEB22AF1D59F0007D081 /* KeyPath+.swift */ = {isa = PBXFileReference; lastKnownFileType = sourcecode.swift; path = "KeyPath+.swift"; sourceTree = "<group>"; };
		966C45FC2AF564FE00EAC808 /* SampleIdentifier.swift */ = {isa = PBXFileReference; lastKnownFileType = sourcecode.swift; path = SampleIdentifier.swift; sourceTree = "<group>"; };
		966C45FE2AF5675100EAC808 /* MixerError.swift */ = {isa = PBXFileReference; lastKnownFileType = sourcecode.swift; path = MixerError.swift; sourceTree = "<group>"; };
		966C46002AF5683400EAC808 /* LayerModel.swift */ = {isa = PBXFileReference; lastKnownFileType = sourcecode.swift; path = LayerModel.swift; sourceTree = "<group>"; };
		966C46022AF57AFB00EAC808 /* SoundParameters.swift */ = {isa = PBXFileReference; lastKnownFileType = sourcecode.swift; path = SoundParameters.swift; sourceTree = "<group>"; };
		966C46042AF593A400EAC808 /* LayerTableViewCellDelegate.swift */ = {isa = PBXFileReference; lastKnownFileType = sourcecode.swift; path = LayerTableViewCellDelegate.swift; sourceTree = "<group>"; };
		966C46062AF593B900EAC808 /* LayerTableViewCellViewDelegate.swift */ = {isa = PBXFileReference; lastKnownFileType = sourcecode.swift; path = LayerTableViewCellViewDelegate.swift; sourceTree = "<group>"; };
		96709E132AF413BC0069E79B /* MutableCollection+.swift */ = {isa = PBXFileReference; lastKnownFileType = sourcecode.swift; path = "MutableCollection+.swift"; sourceTree = "<group>"; };
		96709E162AF41F3F0069E79B /* SamplesSelectionPanelView.swift */ = {isa = PBXFileReference; lastKnownFileType = sourcecode.swift; path = SamplesSelectionPanelView.swift; sourceTree = "<group>"; };
		96709E182AF423BF0069E79B /* ButtonsPanelView.swift */ = {isa = PBXFileReference; lastKnownFileType = sourcecode.swift; path = ButtonsPanelView.swift; sourceTree = "<group>"; };
		96709E1B2AF426080069E79B /* ButtonsPanelViewDelegate.swift */ = {isa = PBXFileReference; lastKnownFileType = sourcecode.swift; path = ButtonsPanelViewDelegate.swift; sourceTree = "<group>"; };
		96709E1D2AF429D90069E79B /* SampleViewModel.swift */ = {isa = PBXFileReference; lastKnownFileType = sourcecode.swift; path = SampleViewModel.swift; sourceTree = "<group>"; };
		96709E1F2AF429ED0069E79B /* SampleBankViewModel.swift */ = {isa = PBXFileReference; lastKnownFileType = sourcecode.swift; path = SampleBankViewModel.swift; sourceTree = "<group>"; };
		96709E222AF42D360069E79B /* SampleSelectViewDelegate.swift */ = {isa = PBXFileReference; lastKnownFileType = sourcecode.swift; path = SampleSelectViewDelegate.swift; sourceTree = "<group>"; };
		96709E252AF42DD20069E79B /* SamplesSelectionPanelViewDelegate.swift */ = {isa = PBXFileReference; lastKnownFileType = sourcecode.swift; path = SamplesSelectionPanelViewDelegate.swift; sourceTree = "<group>"; };
		96709E2D2AF434920069E79B /* SampleLoaderProtocol.swift */ = {isa = PBXFileReference; lastKnownFileType = sourcecode.swift; path = SampleLoaderProtocol.swift; sourceTree = "<group>"; };
		96709E302AF434B20069E79B /* SampleLoader.swift */ = {isa = PBXFileReference; lastKnownFileType = sourcecode.swift; path = SampleLoader.swift; sourceTree = "<group>"; };
		96709E452AF44BB90069E79B /* SampleModel.swift */ = {isa = PBXFileReference; lastKnownFileType = sourcecode.swift; path = SampleModel.swift; sourceTree = "<group>"; };
		96709E472AF44BDF0069E79B /* SampleBankModel.swift */ = {isa = PBXFileReference; lastKnownFileType = sourcecode.swift; path = SampleBankModel.swift; sourceTree = "<group>"; };
		96709E492AF450230069E79B /* Samples */ = {isa = PBXFileReference; lastKnownFileType = folder; path = Samples; sourceTree = "<group>"; };
		96709E4C2AF455C30069E79B /* Mixer.swift */ = {isa = PBXFileReference; lastKnownFileType = sourcecode.swift; path = Mixer.swift; sourceTree = "<group>"; };
		96709E4F2AF455D60069E79B /* SaliMixer.swift */ = {isa = PBXFileReference; lastKnownFileType = sourcecode.swift; path = SaliMixer.swift; sourceTree = "<group>"; };
		967950E02AF30AA9004CD5DF /* SampleControlItemView.swift */ = {isa = PBXFileReference; lastKnownFileType = sourcecode.swift; path = SampleControlItemView.swift; sourceTree = "<group>"; };
		968477752AF18B8A00EBAA67 /* SaliView.swift */ = {isa = PBXFileReference; lastKnownFileType = sourcecode.swift; path = SaliView.swift; sourceTree = "<group>"; };
		968477782AF18D1600EBAA67 /* UIImage+.swift */ = {isa = PBXFileReference; lastKnownFileType = sourcecode.swift; path = "UIImage+.swift"; sourceTree = "<group>"; };
		9684777C2AF18DD500EBAA67 /* SampleControl.swift */ = {isa = PBXFileReference; lastKnownFileType = sourcecode.swift; path = SampleControl.swift; sourceTree = "<group>"; };
		9684777E2AF18DFF00EBAA67 /* UIColor+.swift */ = {isa = PBXFileReference; lastKnownFileType = sourcecode.swift; path = "UIColor+.swift"; sourceTree = "<group>"; };
		968477812AF1958A00EBAA67 /* CGRect+.swift */ = {isa = PBXFileReference; lastKnownFileType = sourcecode.swift; path = "CGRect+.swift"; sourceTree = "<group>"; };
		968477832AF196CE00EBAA67 /* SampleSelectView.swift */ = {isa = PBXFileReference; lastKnownFileType = sourcecode.swift; path = SampleSelectView.swift; sourceTree = "<group>"; };
		968477872AF1A01400EBAA67 /* SaliButton.swift */ = {isa = PBXFileReference; lastKnownFileType = sourcecode.swift; path = SaliButton.swift; sourceTree = "<group>"; };
		968477892AF1A19F00EBAA67 /* LayersButton.swift */ = {isa = PBXFileReference; lastKnownFileType = sourcecode.swift; path = LayersButton.swift; sourceTree = "<group>"; };
		9684778B2AF1A1B100EBAA67 /* MicrophoneButton.swift */ = {isa = PBXFileReference; lastKnownFileType = sourcecode.swift; path = MicrophoneButton.swift; sourceTree = "<group>"; };
		9684778D2AF1A1C200EBAA67 /* RecordButton.swift */ = {isa = PBXFileReference; lastKnownFileType = sourcecode.swift; path = RecordButton.swift; sourceTree = "<group>"; };
		9684778F2AF1A1CF00EBAA67 /* PlayStopButton.swift */ = {isa = PBXFileReference; lastKnownFileType = sourcecode.swift; path = PlayStopButton.swift; sourceTree = "<group>"; };
		968477912AF1A28000EBAA67 /* NSDirectionalEdgeInsets+.swift */ = {isa = PBXFileReference; lastKnownFileType = sourcecode.swift; path = "NSDirectionalEdgeInsets+.swift"; sourceTree = "<group>"; };
		968477932AF1A68300EBAA67 /* AnalyzerView.swift */ = {isa = PBXFileReference; lastKnownFileType = sourcecode.swift; path = AnalyzerView.swift; sourceTree = "<group>"; };
		968477962AF1A80800EBAA67 /* SoundControl.swift */ = {isa = PBXFileReference; lastKnownFileType = sourcecode.swift; path = SoundControl.swift; sourceTree = "<group>"; };
		968477992AF1AB9800EBAA67 /* VolumeScaleView.swift */ = {isa = PBXFileReference; lastKnownFileType = sourcecode.swift; path = VolumeScaleView.swift; sourceTree = "<group>"; };
		969836312AF17A6300F8F40E /* Sali.app */ = {isa = PBXFileReference; explicitFileType = wrapper.application; includeInIndex = 0; path = Sali.app; sourceTree = BUILT_PRODUCTS_DIR; };
		969836342AF17A6300F8F40E /* AppDelegate.swift */ = {isa = PBXFileReference; lastKnownFileType = sourcecode.swift; path = AppDelegate.swift; sourceTree = "<group>"; };
		969836382AF17A6300F8F40E /* SaliViewController.swift */ = {isa = PBXFileReference; lastKnownFileType = sourcecode.swift; path = SaliViewController.swift; sourceTree = "<group>"; };
		9698363D2AF17A6400F8F40E /* Assets.xcassets */ = {isa = PBXFileReference; lastKnownFileType = folder.assetcatalog; path = Assets.xcassets; sourceTree = "<group>"; };
		969836402AF17A6400F8F40E /* Base */ = {isa = PBXFileReference; lastKnownFileType = file.storyboard; name = Base; path = Base.lproj/LaunchScreen.storyboard; sourceTree = "<group>"; };
		969836422AF17A6400F8F40E /* Info.plist */ = {isa = PBXFileReference; lastKnownFileType = text.plist.xml; path = Info.plist; sourceTree = "<group>"; };
		96AB21882AF2B5A1001EEADE /* UIBezierPath+.swift */ = {isa = PBXFileReference; lastKnownFileType = sourcecode.swift; path = "UIBezierPath+.swift"; sourceTree = "<group>"; };
		96AB218A2AF2D317001EEADE /* IconSaliButton.swift */ = {isa = PBXFileReference; lastKnownFileType = sourcecode.swift; path = IconSaliButton.swift; sourceTree = "<group>"; };
		96AB218D2AF2D9F8001EEADE /* LayerTableViewCell.swift */ = {isa = PBXFileReference; lastKnownFileType = sourcecode.swift; path = LayerTableViewCell.swift; sourceTree = "<group>"; };
		96AB218F2AF2DA11001EEADE /* UITableViewCell+.swift */ = {isa = PBXFileReference; lastKnownFileType = sourcecode.swift; path = "UITableViewCell+.swift"; sourceTree = "<group>"; };
		96AB21912AF2DED6001EEADE /* LayersTableView.swift */ = {isa = PBXFileReference; lastKnownFileType = sourcecode.swift; path = LayersTableView.swift; sourceTree = "<group>"; };
		96AB21932AF2DFCE001EEADE /* LayerTableViewCellView.swift */ = {isa = PBXFileReference; lastKnownFileType = sourcecode.swift; path = LayerTableViewCellView.swift; sourceTree = "<group>"; };
		96AB21962AF2E6C5001EEADE /* SaliViewDelegate.swift */ = {isa = PBXFileReference; lastKnownFileType = sourcecode.swift; path = SaliViewDelegate.swift; sourceTree = "<group>"; };
		96AB21992AF2E743001EEADE /* SaliPresenterInput.swift */ = {isa = PBXFileReference; lastKnownFileType = sourcecode.swift; path = SaliPresenterInput.swift; sourceTree = "<group>"; };
		96AB219B2AF2E7A0001EEADE /* SaliPresenter.swift */ = {isa = PBXFileReference; lastKnownFileType = sourcecode.swift; path = SaliPresenter.swift; sourceTree = "<group>"; };
		96AB219D2AF2E7B0001EEADE /* SaliViewInput.swift */ = {isa = PBXFileReference; lastKnownFileType = sourcecode.swift; path = SaliViewInput.swift; sourceTree = "<group>"; };
		96AB21A02AF2E80A001EEADE /* SaliAssembly.swift */ = {isa = PBXFileReference; lastKnownFileType = sourcecode.swift; path = SaliAssembly.swift; sourceTree = "<group>"; };
		96AB21A32AF2E885001EEADE /* LayerCellViewModel.swift */ = {isa = PBXFileReference; lastKnownFileType = sourcecode.swift; path = LayerCellViewModel.swift; sourceTree = "<group>"; };
		96AB21A52AF2F1B9001EEADE /* DeleteButton.swift */ = {isa = PBXFileReference; lastKnownFileType = sourcecode.swift; path = DeleteButton.swift; sourceTree = "<group>"; };
		96AB21A72AF2F5DA001EEADE /* MuteButton.swift */ = {isa = PBXFileReference; lastKnownFileType = sourcecode.swift; path = MuteButton.swift; sourceTree = "<group>"; };
/* End PBXFileReference section */

/* Begin PBXFrameworksBuildPhase section */
		9698362E2AF17A6300F8F40E /* Frameworks */ = {
			isa = PBXFrameworksBuildPhase;
			buildActionMask = 2147483647;
			files = (
			);
			runOnlyForDeploymentPostprocessing = 0;
		};
/* End PBXFrameworksBuildPhase section */

/* Begin PBXGroup section */
		96709E152AF41F270069E79B /* Views */ = {
			isa = PBXGroup;
			children = (
				96709E242AF42DBE0069E79B /* SamplesSelectionPanelView */,
				96709E1A2AF425F40069E79B /* ButtonsPanelView */,
			);
			path = Views;
			sourceTree = "<group>";
		};
		96709E1A2AF425F40069E79B /* ButtonsPanelView */ = {
			isa = PBXGroup;
			children = (
				96709E182AF423BF0069E79B /* ButtonsPanelView.swift */,
				96709E1B2AF426080069E79B /* ButtonsPanelViewDelegate.swift */,
			);
			path = ButtonsPanelView;
			sourceTree = "<group>";
		};
		96709E212AF42D240069E79B /* SampleSelectView */ = {
			isa = PBXGroup;
			children = (
				968477832AF196CE00EBAA67 /* SampleSelectView.swift */,
				96709E222AF42D360069E79B /* SampleSelectViewDelegate.swift */,
			);
			path = SampleSelectView;
			sourceTree = "<group>";
		};
		96709E242AF42DBE0069E79B /* SamplesSelectionPanelView */ = {
			isa = PBXGroup;
			children = (
				96709E162AF41F3F0069E79B /* SamplesSelectionPanelView.swift */,
				96709E252AF42DD20069E79B /* SamplesSelectionPanelViewDelegate.swift */,
			);
			path = SamplesSelectionPanelView;
			sourceTree = "<group>";
		};
		96709E2B2AF4347D0069E79B /* Audio */ = {
			isa = PBXGroup;
			children = (
				96709E4B2AF455B70069E79B /* SaliMixer */,
				96709E2C2AF434820069E79B /* SampleLoader */,
			);
			path = Audio;
			sourceTree = "<group>";
		};
		96709E2C2AF434820069E79B /* SampleLoader */ = {
			isa = PBXGroup;
			children = (
				96709E2D2AF434920069E79B /* SampleLoaderProtocol.swift */,
				96709E302AF434B20069E79B /* SampleLoader.swift */,
			);
			path = SampleLoader;
			sourceTree = "<group>";
		};
		96709E442AF44BAE0069E79B /* Models */ = {
			isa = PBXGroup;
			children = (
				96709E452AF44BB90069E79B /* SampleModel.swift */,
				966C45FC2AF564FE00EAC808 /* SampleIdentifier.swift */,
				96709E472AF44BDF0069E79B /* SampleBankModel.swift */,
				966C45FE2AF5675100EAC808 /* MixerError.swift */,
				966C46002AF5683400EAC808 /* LayerModel.swift */,
				966C46022AF57AFB00EAC808 /* SoundParameters.swift */,
			);
			path = Models;
			sourceTree = "<group>";
		};
		96709E4B2AF455B70069E79B /* SaliMixer */ = {
			isa = PBXGroup;
			children = (
				96709E4C2AF455C30069E79B /* Mixer.swift */,
				96709E4F2AF455D60069E79B /* SaliMixer.swift */,
			);
			path = SaliMixer;
			sourceTree = "<group>";
		};
		968477742AF18B7700EBAA67 /* SaliScreen */ = {
			isa = PBXGroup;
			children = (
				96AB21A22AF2E86F001EEADE /* ViewModel */,
				96AB219F2AF2E7F7001EEADE /* ViewController */,
				96AB21982AF2E735001EEADE /* Presenter */,
				96AB21952AF2E6AE001EEADE /* View */,
				96AB21A02AF2E80A001EEADE /* SaliAssembly.swift */,
			);
			path = SaliScreen;
			sourceTree = "<group>";
		};
		968477772AF18D0700EBAA67 /* Resources */ = {
			isa = PBXGroup;
			children = (
				96709E492AF450230069E79B /* Samples */,
				9698363D2AF17A6400F8F40E /* Assets.xcassets */,
				968477782AF18D1600EBAA67 /* UIImage+.swift */,
				96AB21882AF2B5A1001EEADE /* UIBezierPath+.swift */,
				9684777E2AF18DFF00EBAA67 /* UIColor+.swift */,
			);
			path = Resources;
			sourceTree = "<group>";
		};
		9684777A2AF18DB500EBAA67 /* App */ = {
			isa = PBXGroup;
			children = (
				9698363F2AF17A6400F8F40E /* LaunchScreen.storyboard */,
				969836422AF17A6400F8F40E /* Info.plist */,
				969836342AF17A6300F8F40E /* AppDelegate.swift */,
			);
			path = App;
			sourceTree = "<group>";
		};
		9684777B2AF18DC200EBAA67 /* Components */ = {
			isa = PBXGroup;
			children = (
				96AB218C2AF2D9E6001EEADE /* TableView */,
				968477952AF1A7F500EBAA67 /* SoundControl */,
				968477862AF19FC400EBAA67 /* Buttons */,
				968477852AF19B9E00EBAA67 /* SampleSelect */,
				968477932AF1A68300EBAA67 /* AnalyzerView.swift */,
			);
			path = Components;
			sourceTree = "<group>";
		};
		968477802AF1958100EBAA67 /* Helpers */ = {
			isa = PBXGroup;
			children = (
				968477812AF1958A00EBAA67 /* CGRect+.swift */,
				9614AEB22AF1D59F0007D081 /* KeyPath+.swift */,
				968477912AF1A28000EBAA67 /* NSDirectionalEdgeInsets+.swift */,
				9614AEB02AF1CA730007D081 /* clamp.swift */,
				96AB218F2AF2DA11001EEADE /* UITableViewCell+.swift */,
				96709E132AF413BC0069E79B /* MutableCollection+.swift */,
			);
			path = Helpers;
			sourceTree = "<group>";
		};
		968477852AF19B9E00EBAA67 /* SampleSelect */ = {
			isa = PBXGroup;
			children = (
				96709E212AF42D240069E79B /* SampleSelectView */,
				9684777C2AF18DD500EBAA67 /* SampleControl.swift */,
				967950E02AF30AA9004CD5DF /* SampleControlItemView.swift */,
			);
			path = SampleSelect;
			sourceTree = "<group>";
		};
		968477862AF19FC400EBAA67 /* Buttons */ = {
			isa = PBXGroup;
			children = (
				968477872AF1A01400EBAA67 /* SaliButton.swift */,
				968477892AF1A19F00EBAA67 /* LayersButton.swift */,
				9684778B2AF1A1B100EBAA67 /* MicrophoneButton.swift */,
				9684778D2AF1A1C200EBAA67 /* RecordButton.swift */,
				9684778F2AF1A1CF00EBAA67 /* PlayStopButton.swift */,
				96AB218A2AF2D317001EEADE /* IconSaliButton.swift */,
				96AB21A52AF2F1B9001EEADE /* DeleteButton.swift */,
				96AB21A72AF2F5DA001EEADE /* MuteButton.swift */,
			);
			path = Buttons;
			sourceTree = "<group>";
		};
		968477952AF1A7F500EBAA67 /* SoundControl */ = {
			isa = PBXGroup;
			children = (
				968477982AF1AB8800EBAA67 /* ScaleViews */,
				968477962AF1A80800EBAA67 /* SoundControl.swift */,
				9614AEAE2AF1C2D40007D081 /* SoundControlMarkerView.swift */,
			);
			path = SoundControl;
			sourceTree = "<group>";
		};
		968477982AF1AB8800EBAA67 /* ScaleViews */ = {
			isa = PBXGroup;
			children = (
				968477992AF1AB9800EBAA67 /* VolumeScaleView.swift */,
				9614AEAC2AF1C0290007D081 /* TempoScaleView.swift */,
			);
			path = ScaleViews;
			sourceTree = "<group>";
		};
		969836282AF17A6300F8F40E = {
			isa = PBXGroup;
			children = (
				969836332AF17A6300F8F40E /* Sali */,
				969836322AF17A6300F8F40E /* Products */,
			);
			sourceTree = "<group>";
		};
		969836322AF17A6300F8F40E /* Products */ = {
			isa = PBXGroup;
			children = (
				969836312AF17A6300F8F40E /* Sali.app */,
			);
			name = Products;
			sourceTree = "<group>";
		};
		969836332AF17A6300F8F40E /* Sali */ = {
			isa = PBXGroup;
			children = (
				96709E442AF44BAE0069E79B /* Models */,
				96709E2B2AF4347D0069E79B /* Audio */,
				968477802AF1958100EBAA67 /* Helpers */,
				9684777B2AF18DC200EBAA67 /* Components */,
				9684777A2AF18DB500EBAA67 /* App */,
				968477772AF18D0700EBAA67 /* Resources */,
				968477742AF18B7700EBAA67 /* SaliScreen */,
			);
			path = Sali;
			sourceTree = "<group>";
		};
		96AB218C2AF2D9E6001EEADE /* TableView */ = {
			isa = PBXGroup;
			children = (
				96AB218D2AF2D9F8001EEADE /* LayerTableViewCell.swift */,
				96AB21932AF2DFCE001EEADE /* LayerTableViewCellView.swift */,
				96AB21912AF2DED6001EEADE /* LayersTableView.swift */,
				966C46042AF593A400EAC808 /* LayerTableViewCellDelegate.swift */,
				966C46062AF593B900EAC808 /* LayerTableViewCellViewDelegate.swift */,
			);
			path = TableView;
			sourceTree = "<group>";
		};
		96AB21952AF2E6AE001EEADE /* View */ = {
			isa = PBXGroup;
			children = (
				96709E152AF41F270069E79B /* Views */,
				968477752AF18B8A00EBAA67 /* SaliView.swift */,
				96AB21962AF2E6C5001EEADE /* SaliViewDelegate.swift */,
			);
			path = View;
			sourceTree = "<group>";
		};
		96AB21982AF2E735001EEADE /* Presenter */ = {
			isa = PBXGroup;
			children = (
				96AB21992AF2E743001EEADE /* SaliPresenterInput.swift */,
				96AB219B2AF2E7A0001EEADE /* SaliPresenter.swift */,
			);
			path = Presenter;
			sourceTree = "<group>";
		};
		96AB219F2AF2E7F7001EEADE /* ViewController */ = {
			isa = PBXGroup;
			children = (
				969836382AF17A6300F8F40E /* SaliViewController.swift */,
				96AB219D2AF2E7B0001EEADE /* SaliViewInput.swift */,
			);
			path = ViewController;
			sourceTree = "<group>";
		};
		96AB21A22AF2E86F001EEADE /* ViewModel */ = {
			isa = PBXGroup;
			children = (
				96AB21A32AF2E885001EEADE /* LayerCellViewModel.swift */,
				96709E1D2AF429D90069E79B /* SampleViewModel.swift */,
				96709E1F2AF429ED0069E79B /* SampleBankViewModel.swift */,
			);
			path = ViewModel;
			sourceTree = "<group>";
		};
/* End PBXGroup section */

/* Begin PBXNativeTarget section */
		969836302AF17A6300F8F40E /* Sali */ = {
			isa = PBXNativeTarget;
			buildConfigurationList = 969836452AF17A6400F8F40E /* Build configuration list for PBXNativeTarget "Sali" */;
			buildPhases = (
				9698362D2AF17A6300F8F40E /* Sources */,
				9698362E2AF17A6300F8F40E /* Frameworks */,
				9698362F2AF17A6300F8F40E /* Resources */,
			);
			buildRules = (
			);
			dependencies = (
			);
			name = Sali;
			productName = Sali;
			productReference = 969836312AF17A6300F8F40E /* Sali.app */;
			productType = "com.apple.product-type.application";
		};
/* End PBXNativeTarget section */

/* Begin PBXProject section */
		969836292AF17A6300F8F40E /* Project object */ = {
			isa = PBXProject;
			attributes = {
				BuildIndependentTargetsInParallel = 1;
				LastSwiftUpdateCheck = 1500;
				LastUpgradeCheck = 1500;
				TargetAttributes = {
					969836302AF17A6300F8F40E = {
						CreatedOnToolsVersion = 15.0.1;
					};
				};
			};
			buildConfigurationList = 9698362C2AF17A6300F8F40E /* Build configuration list for PBXProject "Sali" */;
			compatibilityVersion = "Xcode 14.0";
			developmentRegion = en;
			hasScannedForEncodings = 0;
			knownRegions = (
				en,
				Base,
			);
			mainGroup = 969836282AF17A6300F8F40E;
			productRefGroup = 969836322AF17A6300F8F40E /* Products */;
			projectDirPath = "";
			projectRoot = "";
			targets = (
				969836302AF17A6300F8F40E /* Sali */,
			);
		};
/* End PBXProject section */

/* Begin PBXResourcesBuildPhase section */
		9698362F2AF17A6300F8F40E /* Resources */ = {
			isa = PBXResourcesBuildPhase;
			buildActionMask = 2147483647;
			files = (
				96709E4A2AF450230069E79B /* Samples in Resources */,
				969836412AF17A6400F8F40E /* LaunchScreen.storyboard in Resources */,
				9698363E2AF17A6400F8F40E /* Assets.xcassets in Resources */,
			);
			runOnlyForDeploymentPostprocessing = 0;
		};
/* End PBXResourcesBuildPhase section */

/* Begin PBXSourcesBuildPhase section */
		9698362D2AF17A6300F8F40E /* Sources */ = {
			isa = PBXSourcesBuildPhase;
			buildActionMask = 2147483647;
			files = (
				968477922AF1A28000EBAA67 /* NSDirectionalEdgeInsets+.swift in Sources */,
				968477762AF18B8A00EBAA67 /* SaliView.swift in Sources */,
				96AB218B2AF2D317001EEADE /* IconSaliButton.swift in Sources */,
				96709E192AF423BF0069E79B /* ButtonsPanelView.swift in Sources */,
				9684779A2AF1AB9800EBAA67 /* VolumeScaleView.swift in Sources */,
				96709E142AF413BC0069E79B /* MutableCollection+.swift in Sources */,
				96709E312AF434B20069E79B /* SampleLoader.swift in Sources */,
				968477822AF1958A00EBAA67 /* CGRect+.swift in Sources */,
				96709E2E2AF434920069E79B /* SampleLoaderProtocol.swift in Sources */,
				9614AEB32AF1D59F0007D081 /* KeyPath+.swift in Sources */,
				96709E502AF455D60069E79B /* SaliMixer.swift in Sources */,
				968477792AF18D1600EBAA67 /* UIImage+.swift in Sources */,
				967950E12AF30AA9004CD5DF /* SampleControlItemView.swift in Sources */,
				966C46072AF593BA00EAC808 /* LayerTableViewCellViewDelegate.swift in Sources */,
				9684778C2AF1A1B100EBAA67 /* MicrophoneButton.swift in Sources */,
				96AB21972AF2E6C5001EEADE /* SaliViewDelegate.swift in Sources */,
				96AB21892AF2B5A1001EEADE /* UIBezierPath+.swift in Sources */,
				96709E4D2AF455C30069E79B /* Mixer.swift in Sources */,
				968477942AF1A68300EBAA67 /* AnalyzerView.swift in Sources */,
				966C45FF2AF5675100EAC808 /* MixerError.swift in Sources */,
				96709E1C2AF426080069E79B /* ButtonsPanelViewDelegate.swift in Sources */,
				96709E1E2AF429D90069E79B /* SampleViewModel.swift in Sources */,
				969836392AF17A6300F8F40E /* SaliViewController.swift in Sources */,
				968477972AF1A80800EBAA67 /* SoundControl.swift in Sources */,
				96AB21942AF2DFCE001EEADE /* LayerTableViewCellView.swift in Sources */,
				969836352AF17A6300F8F40E /* AppDelegate.swift in Sources */,
				96709E202AF429ED0069E79B /* SampleBankViewModel.swift in Sources */,
				9684777D2AF18DD500EBAA67 /* SampleControl.swift in Sources */,
				968477842AF196CE00EBAA67 /* SampleSelectView.swift in Sources */,
				96709E262AF42DD20069E79B /* SamplesSelectionPanelViewDelegate.swift in Sources */,
				9684778E2AF1A1C200EBAA67 /* RecordButton.swift in Sources */,
				96AB21A42AF2E885001EEADE /* LayerCellViewModel.swift in Sources */,
				966C46052AF593A400EAC808 /* LayerTableViewCellDelegate.swift in Sources */,
				96709E462AF44BB90069E79B /* SampleModel.swift in Sources */,
				966C45FD2AF564FE00EAC808 /* SampleIdentifier.swift in Sources */,
				96AB21A82AF2F5DA001EEADE /* MuteButton.swift in Sources */,
				9684777F2AF18DFF00EBAA67 /* UIColor+.swift in Sources */,
				96709E482AF44BDF0069E79B /* SampleBankModel.swift in Sources */,
				96AB219C2AF2E7A0001EEADE /* SaliPresenter.swift in Sources */,
				968477882AF1A01400EBAA67 /* SaliButton.swift in Sources */,
				9614AEB12AF1CA730007D081 /* clamp.swift in Sources */,
				96AB21A12AF2E80A001EEADE /* SaliAssembly.swift in Sources */,
				966C46012AF5683400EAC808 /* LayerModel.swift in Sources */,
				966C46032AF57AFB00EAC808 /* SoundParameters.swift in Sources */,
				96AB21A62AF2F1B9001EEADE /* DeleteButton.swift in Sources */,
				96AB219E2AF2E7B0001EEADE /* SaliViewInput.swift in Sources */,
				96AB218E2AF2D9F8001EEADE /* LayerTableViewCell.swift in Sources */,
				9614AEAD2AF1C0290007D081 /* TempoScaleView.swift in Sources */,
				968477902AF1A1CF00EBAA67 /* PlayStopButton.swift in Sources */,
				96709E172AF41F3F0069E79B /* SamplesSelectionPanelView.swift in Sources */,
				9614AEAF2AF1C2D40007D081 /* SoundControlMarkerView.swift in Sources */,
				96AB21922AF2DED6001EEADE /* LayersTableView.swift in Sources */,
				96709E232AF42D360069E79B /* SampleSelectViewDelegate.swift in Sources */,
				96AB219A2AF2E743001EEADE /* SaliPresenterInput.swift in Sources */,
				96AB21902AF2DA11001EEADE /* UITableViewCell+.swift in Sources */,
				9684778A2AF1A19F00EBAA67 /* LayersButton.swift in Sources */,
			);
			runOnlyForDeploymentPostprocessing = 0;
		};
/* End PBXSourcesBuildPhase section */

/* Begin PBXVariantGroup section */
		9698363F2AF17A6400F8F40E /* LaunchScreen.storyboard */ = {
			isa = PBXVariantGroup;
			children = (
				969836402AF17A6400F8F40E /* Base */,
			);
			name = LaunchScreen.storyboard;
			sourceTree = "<group>";
		};
/* End PBXVariantGroup section */

/* Begin XCBuildConfiguration section */
		969836432AF17A6400F8F40E /* Debug */ = {
			isa = XCBuildConfiguration;
			buildSettings = {
				ALWAYS_SEARCH_USER_PATHS = NO;
				ASSETCATALOG_COMPILER_GENERATE_SWIFT_ASSET_SYMBOL_EXTENSIONS = YES;
				CLANG_ANALYZER_NONNULL = YES;
				CLANG_ANALYZER_NUMBER_OBJECT_CONVERSION = YES_AGGRESSIVE;
				CLANG_CXX_LANGUAGE_STANDARD = "gnu++20";
				CLANG_ENABLE_MODULES = YES;
				CLANG_ENABLE_OBJC_ARC = YES;
				CLANG_ENABLE_OBJC_WEAK = YES;
				CLANG_WARN_BLOCK_CAPTURE_AUTORELEASING = YES;
				CLANG_WARN_BOOL_CONVERSION = YES;
				CLANG_WARN_COMMA = YES;
				CLANG_WARN_CONSTANT_CONVERSION = YES;
				CLANG_WARN_DEPRECATED_OBJC_IMPLEMENTATIONS = YES;
				CLANG_WARN_DIRECT_OBJC_ISA_USAGE = YES_ERROR;
				CLANG_WARN_DOCUMENTATION_COMMENTS = YES;
				CLANG_WARN_EMPTY_BODY = YES;
				CLANG_WARN_ENUM_CONVERSION = YES;
				CLANG_WARN_INFINITE_RECURSION = YES;
				CLANG_WARN_INT_CONVERSION = YES;
				CLANG_WARN_NON_LITERAL_NULL_CONVERSION = YES;
				CLANG_WARN_OBJC_IMPLICIT_RETAIN_SELF = YES;
				CLANG_WARN_OBJC_LITERAL_CONVERSION = YES;
				CLANG_WARN_OBJC_ROOT_CLASS = YES_ERROR;
				CLANG_WARN_QUOTED_INCLUDE_IN_FRAMEWORK_HEADER = YES;
				CLANG_WARN_RANGE_LOOP_ANALYSIS = YES;
				CLANG_WARN_STRICT_PROTOTYPES = YES;
				CLANG_WARN_SUSPICIOUS_MOVE = YES;
				CLANG_WARN_UNGUARDED_AVAILABILITY = YES_AGGRESSIVE;
				CLANG_WARN_UNREACHABLE_CODE = YES;
				CLANG_WARN__DUPLICATE_METHOD_MATCH = YES;
				COPY_PHASE_STRIP = NO;
				DEBUG_INFORMATION_FORMAT = dwarf;
				ENABLE_STRICT_OBJC_MSGSEND = YES;
				ENABLE_TESTABILITY = YES;
				ENABLE_USER_SCRIPT_SANDBOXING = YES;
				GCC_C_LANGUAGE_STANDARD = gnu17;
				GCC_DYNAMIC_NO_PIC = NO;
				GCC_NO_COMMON_BLOCKS = YES;
				GCC_OPTIMIZATION_LEVEL = 0;
				GCC_PREPROCESSOR_DEFINITIONS = (
					"DEBUG=1",
					"$(inherited)",
				);
				GCC_WARN_64_TO_32_BIT_CONVERSION = YES;
				GCC_WARN_ABOUT_RETURN_TYPE = YES_ERROR;
				GCC_WARN_UNDECLARED_SELECTOR = YES;
				GCC_WARN_UNINITIALIZED_AUTOS = YES_AGGRESSIVE;
				GCC_WARN_UNUSED_FUNCTION = YES;
				GCC_WARN_UNUSED_VARIABLE = YES;
				IPHONEOS_DEPLOYMENT_TARGET = 15.0;
				LOCALIZATION_PREFERS_STRING_CATALOGS = YES;
				MTL_ENABLE_DEBUG_INFO = INCLUDE_SOURCE;
				MTL_FAST_MATH = YES;
				ONLY_ACTIVE_ARCH = YES;
				SDKROOT = iphoneos;
				SWIFT_ACTIVE_COMPILATION_CONDITIONS = "DEBUG $(inherited)";
				SWIFT_OPTIMIZATION_LEVEL = "-Onone";
			};
			name = Debug;
		};
		969836442AF17A6400F8F40E /* Release */ = {
			isa = XCBuildConfiguration;
			buildSettings = {
				ALWAYS_SEARCH_USER_PATHS = NO;
				ASSETCATALOG_COMPILER_GENERATE_SWIFT_ASSET_SYMBOL_EXTENSIONS = YES;
				CLANG_ANALYZER_NONNULL = YES;
				CLANG_ANALYZER_NUMBER_OBJECT_CONVERSION = YES_AGGRESSIVE;
				CLANG_CXX_LANGUAGE_STANDARD = "gnu++20";
				CLANG_ENABLE_MODULES = YES;
				CLANG_ENABLE_OBJC_ARC = YES;
				CLANG_ENABLE_OBJC_WEAK = YES;
				CLANG_WARN_BLOCK_CAPTURE_AUTORELEASING = YES;
				CLANG_WARN_BOOL_CONVERSION = YES;
				CLANG_WARN_COMMA = YES;
				CLANG_WARN_CONSTANT_CONVERSION = YES;
				CLANG_WARN_DEPRECATED_OBJC_IMPLEMENTATIONS = YES;
				CLANG_WARN_DIRECT_OBJC_ISA_USAGE = YES_ERROR;
				CLANG_WARN_DOCUMENTATION_COMMENTS = YES;
				CLANG_WARN_EMPTY_BODY = YES;
				CLANG_WARN_ENUM_CONVERSION = YES;
				CLANG_WARN_INFINITE_RECURSION = YES;
				CLANG_WARN_INT_CONVERSION = YES;
				CLANG_WARN_NON_LITERAL_NULL_CONVERSION = YES;
				CLANG_WARN_OBJC_IMPLICIT_RETAIN_SELF = YES;
				CLANG_WARN_OBJC_LITERAL_CONVERSION = YES;
				CLANG_WARN_OBJC_ROOT_CLASS = YES_ERROR;
				CLANG_WARN_QUOTED_INCLUDE_IN_FRAMEWORK_HEADER = YES;
				CLANG_WARN_RANGE_LOOP_ANALYSIS = YES;
				CLANG_WARN_STRICT_PROTOTYPES = YES;
				CLANG_WARN_SUSPICIOUS_MOVE = YES;
				CLANG_WARN_UNGUARDED_AVAILABILITY = YES_AGGRESSIVE;
				CLANG_WARN_UNREACHABLE_CODE = YES;
				CLANG_WARN__DUPLICATE_METHOD_MATCH = YES;
				COPY_PHASE_STRIP = NO;
				DEBUG_INFORMATION_FORMAT = "dwarf-with-dsym";
				ENABLE_NS_ASSERTIONS = NO;
				ENABLE_STRICT_OBJC_MSGSEND = YES;
				ENABLE_USER_SCRIPT_SANDBOXING = YES;
				GCC_C_LANGUAGE_STANDARD = gnu17;
				GCC_NO_COMMON_BLOCKS = YES;
				GCC_WARN_64_TO_32_BIT_CONVERSION = YES;
				GCC_WARN_ABOUT_RETURN_TYPE = YES_ERROR;
				GCC_WARN_UNDECLARED_SELECTOR = YES;
				GCC_WARN_UNINITIALIZED_AUTOS = YES_AGGRESSIVE;
				GCC_WARN_UNUSED_FUNCTION = YES;
				GCC_WARN_UNUSED_VARIABLE = YES;
				IPHONEOS_DEPLOYMENT_TARGET = 15.0;
				LOCALIZATION_PREFERS_STRING_CATALOGS = YES;
				MTL_ENABLE_DEBUG_INFO = NO;
				MTL_FAST_MATH = YES;
				SDKROOT = iphoneos;
				SWIFT_COMPILATION_MODE = wholemodule;
				VALIDATE_PRODUCT = YES;
			};
			name = Release;
		};
		969836462AF17A6400F8F40E /* Debug */ = {
			isa = XCBuildConfiguration;
			buildSettings = {
				ASSETCATALOG_COMPILER_APPICON_NAME = AppIcon;
				ASSETCATALOG_COMPILER_GLOBAL_ACCENT_COLOR_NAME = AccentColor;
				CODE_SIGN_STYLE = Automatic;
				CURRENT_PROJECT_VERSION = 1;
				DEVELOPMENT_TEAM = H5R82ZFKSP;
				GENERATE_INFOPLIST_FILE = YES;
				INFOPLIST_FILE = Sali/Info.plist;
				INFOPLIST_KEY_CFBundleDisplayName = Sali;
				INFOPLIST_KEY_LSApplicationCategoryType = "public.app-category.music";
				INFOPLIST_KEY_UIApplicationSupportsIndirectInputEvents = YES;
				INFOPLIST_KEY_UILaunchStoryboardName = LaunchScreen;
				INFOPLIST_KEY_UISupportedInterfaceOrientations = UIInterfaceOrientationPortrait;
				INFOPLIST_KEY_UISupportedInterfaceOrientations_iPad = "UIInterfaceOrientationLandscapeLeft UIInterfaceOrientationLandscapeRight UIInterfaceOrientationPortrait UIInterfaceOrientationPortraitUpsideDown";
				IPHONEOS_DEPLOYMENT_TARGET = 15.0;
				LD_RUNPATH_SEARCH_PATHS = (
					"$(inherited)",
					"@executable_path/Frameworks",
				);
				MARKETING_VERSION = 1.0;
				PRODUCT_BUNDLE_IDENTIFIER = com.corscheg.Sali;
				PRODUCT_NAME = "$(TARGET_NAME)";
				SUPPORTED_PLATFORMS = "iphoneos iphonesimulator";
				SUPPORTS_MACCATALYST = NO;
				SUPPORTS_MAC_DESIGNED_FOR_IPHONE_IPAD = NO;
				SWIFT_EMIT_LOC_STRINGS = YES;
				SWIFT_VERSION = 5.0;
				TARGETED_DEVICE_FAMILY = 1;
			};
			name = Debug;
		};
		969836472AF17A6400F8F40E /* Release */ = {
			isa = XCBuildConfiguration;
			buildSettings = {
				ASSETCATALOG_COMPILER_APPICON_NAME = AppIcon;
				ASSETCATALOG_COMPILER_GLOBAL_ACCENT_COLOR_NAME = AccentColor;
				CODE_SIGN_STYLE = Automatic;
				CURRENT_PROJECT_VERSION = 1;
				DEVELOPMENT_TEAM = H5R82ZFKSP;
				GENERATE_INFOPLIST_FILE = YES;
				INFOPLIST_FILE = Sali/Info.plist;
				INFOPLIST_KEY_CFBundleDisplayName = Sali;
				INFOPLIST_KEY_LSApplicationCategoryType = "public.app-category.music";
				INFOPLIST_KEY_UIApplicationSupportsIndirectInputEvents = YES;
				INFOPLIST_KEY_UILaunchStoryboardName = LaunchScreen;
				INFOPLIST_KEY_UISupportedInterfaceOrientations = UIInterfaceOrientationPortrait;
				INFOPLIST_KEY_UISupportedInterfaceOrientations_iPad = "UIInterfaceOrientationLandscapeLeft UIInterfaceOrientationLandscapeRight UIInterfaceOrientationPortrait UIInterfaceOrientationPortraitUpsideDown";
				IPHONEOS_DEPLOYMENT_TARGET = 15.0;
				LD_RUNPATH_SEARCH_PATHS = (
					"$(inherited)",
					"@executable_path/Frameworks",
				);
				MARKETING_VERSION = 1.0;
				PRODUCT_BUNDLE_IDENTIFIER = com.corscheg.Sali;
				PRODUCT_NAME = "$(TARGET_NAME)";
				SUPPORTED_PLATFORMS = "iphoneos iphonesimulator";
				SUPPORTS_MACCATALYST = NO;
				SUPPORTS_MAC_DESIGNED_FOR_IPHONE_IPAD = NO;
				SWIFT_EMIT_LOC_STRINGS = YES;
				SWIFT_VERSION = 5.0;
				TARGETED_DEVICE_FAMILY = 1;
			};
			name = Release;
		};
/* End XCBuildConfiguration section */

/* Begin XCConfigurationList section */
		9698362C2AF17A6300F8F40E /* Build configuration list for PBXProject "Sali" */ = {
			isa = XCConfigurationList;
			buildConfigurations = (
				969836432AF17A6400F8F40E /* Debug */,
				969836442AF17A6400F8F40E /* Release */,
			);
			defaultConfigurationIsVisible = 0;
			defaultConfigurationName = Release;
		};
		969836452AF17A6400F8F40E /* Build configuration list for PBXNativeTarget "Sali" */ = {
			isa = XCConfigurationList;
			buildConfigurations = (
				969836462AF17A6400F8F40E /* Debug */,
				969836472AF17A6400F8F40E /* Release */,
			);
			defaultConfigurationIsVisible = 0;
			defaultConfigurationName = Release;
		};
/* End XCConfigurationList section */
	};
	rootObject = 969836292AF17A6300F8F40E /* Project object */;
}
